
Microsoft Visual Studio Solution File, Format Version 12.00
# Visual Studio Version 16
VisualStudioVersion = 16.0.30204.135
MinimumVisualStudioVersion = 10.0.40219.1
Project("{FAE04EC0-301F-11D3-BF4B-00C04F79EFBC}") = "Lanucher", "Lanucher\Lanucher.csproj", "{4A989BFE-B242-48B6-A0A7-5B02FA642866}"
EndProject
Global
	GlobalSection(SolutionConfigurationPlatforms) = preSolution
		Debug|Any CPU = Debug|Any CPU
		Release|Any CPU = Release|Any CPU
	EndGlobalSection
	GlobalSection(ProjectConfigurationPlatforms) = postSolution
		{4A989BFE-B242-48B6-A0A7-5B02FA642866}.Debug|Any CPU.ActiveCfg = Debug|Any CPU
		{4A989BFE-B242-48B6-A0A7-5B02FA642866}.Debug|Any CPU.Build.0 = Debug|Any CPU
		{4A989BFE-B242-48B6-A0A7-5B02FA642866}.Release|Any CPU.ActiveCfg = Release|Any CPU
		{4A989BFE-B242-48B6-A0A7-5B02FA642866}.Release|Any CPU.Build.0 = Release|Any CPU
	EndGlobalSection
	GlobalSection(SolutionProperties) = preSolution
		HideSolutionNode = FALSE
	EndGlobalSection
	GlobalSection(ExtensibilityGlobals) = postSolution
		SolutionGuid = {598B8436-E79A-423F-A84C-FCD76DA7607C}
	EndGlobalSection
EndGlobal
